PODS:
  - RTInteractivePush (0.1.5)
  - RTRootNavigationController/Core (0.6.2)
  - RTRootNavigationController/Push (0.6.2):
    - RTInteractivePush
    - RTRootNavigationController/Core

DEPENDENCIES:
  - RTRootNavigationController/Push (from `../`)

EXTERNAL SOURCES:
  RTRootNavigationController:
    :path: "../"

SPEC CHECKSUMS:
  RTInteractivePush: 8e1505d2e3afa7e93f6ce0d172b035412356d462
  RTRootNavigationController: 289b0ae63b6c1cd38123408988404cd86fe8a662

PODFILE CHECKSUM: 28fd3aa793345965e373f1b57a81b0124896227d

COCOAPODS: 1.1.1
