PODS:
  - RTInteractivePush (0.1.5)
  - RTRootNavigationController/Core (0.7.0)
  - RTRootNavigationController/Push (0.7.0):
    - RTInteractivePush (~> 0.1.5)
    - RTRootNavigationController/Core

DEPENDENCIES:
  - RTRootNavigationController/Push (from `../`)

SPEC REPOS:
  https://github.com/cocoapods/specs.git:
    - RTInteractivePush

EXTERNAL SOURCES:
  RTRootNavigationController:
    :path: "../"

SPEC CHECKSUMS:
  RTInteractivePush: 8e1505d2e3afa7e93f6ce0d172b035412356d462
  RTRootNavigationController: 1ee1307d55abf5e2e957fc1b7dd014e57ac6e8dd

PODFILE CHECKSUM: 28fd3aa793345965e373f1b57a81b0124896227d

COCOAPODS: 1.5.3
