PODS:
  - RTRootNavigationController (0.5.22)

DEPENDENCIES:
  - RTRootNavigationController (from `../`)

EXTERNAL SOURCES:
  RTRootNavigationController:
    :path: "../"

SPEC CHECKSUMS:
  RTRootNavigationController: cf134c044a8ce14d97fc668847ed4567efc53f91

PODFILE CHECKSUM: 41b55de1f0ae03dc8025f2ca81c3c1eedb412247

COCOAPODS: 1.1.1
