// !$*UTF8*$!
{
	archiveVersion = 1;
	classes = {
	};
	objectVersion = 46;
	objects = {

/* Begin PBXBuildFile section */
		6003F58E195388D20070C39A /* Foundation.framework in Frameworks */ = {isa = PBXBuildFile; fileRef = 6003F58D195388D20070C39A /* Foundation.framework */; };
		6003F590195388D20070C39A /* CoreGraphics.framework in Frameworks */ = {isa = PBXBuildFile; fileRef = 6003F58F195388D20070C39A /* CoreGraphics.framework */; };
		6003F592195388D20070C39A /* UIKit.framework in Frameworks */ = {isa = PBXBuildFile; fileRef = 6003F591195388D20070C39A /* UIKit.framework */; };
		6003F598195388D20070C39A /* InfoPlist.strings in Resources */ = {isa = PBXBuildFile; fileRef = 6003F596195388D20070C39A /* InfoPlist.strings */; };
		6003F59A195388D20070C39A /* main.m in Sources */ = {isa = PBXBuildFile; fileRef = 6003F599195388D20070C39A /* main.m */; };
		6003F59E195388D20070C39A /* RTAppDelegate.m in Sources */ = {isa = PBXBuildFile; fileRef = 6003F59D195388D20070C39A /* RTAppDelegate.m */; };
		6003F5A7195388D20070C39A /* RTViewController.m in Sources */ = {isa = PBXBuildFile; fileRef = 6003F5A6195388D20070C39A /* RTViewController.m */; };
		6003F5A9195388D20070C39A /* Images.xcassets in Resources */ = {isa = PBXBuildFile; fileRef = 6003F5A8195388D20070C39A /* Images.xcassets */; };
		6003F5B0195388D20070C39A /* XCTest.framework in Frameworks */ = {isa = PBXBuildFile; fileRef = 6003F5AF195388D20070C39A /* XCTest.framework */; };
		6003F5B1195388D20070C39A /* Foundation.framework in Frameworks */ = {isa = PBXBuildFile; fileRef = 6003F58D195388D20070C39A /* Foundation.framework */; };
		6003F5B2195388D20070C39A /* UIKit.framework in Frameworks */ = {isa = PBXBuildFile; fileRef = 6003F591195388D20070C39A /* UIKit.framework */; };
		6003F5BA195388D20070C39A /* InfoPlist.strings in Resources */ = {isa = PBXBuildFile; fileRef = 6003F5B8195388D20070C39A /* InfoPlist.strings */; };
		6003F5BC195388D20070C39A /* Tests.m in Sources */ = {isa = PBXBuildFile; fileRef = 6003F5BB195388D20070C39A /* Tests.m */; };
		7754DE23C98A4856C653731B /* Pods_RTRootNavigationController_Example_RTRootNavigationController_Tests.framework in Frameworks */ = {isa = PBXBuildFile; fileRef = 041DF0A8B0027264C4093D15 /* Pods_RTRootNavigationController_Example_RTRootNavigationController_Tests.framework */; };
		873B8AEB1B1F5CCA007FD442 /* Main.storyboard in Resources */ = {isa = PBXBuildFile; fileRef = 873B8AEA1B1F5CCA007FD442 /* Main.storyboard */; };
		93A95D8D8AF7C67635D9CF27 /* Pods_RTRootNavigationController_Example.framework in Frameworks */ = {isa = PBXBuildFile; fileRef = AC461907B53EF1711816DC02 /* Pods_RTRootNavigationController_Example.framework */; };
		9C16AF1F1D09518100873B86 /* Launch.storyboard in Resources */ = {isa = PBXBuildFile; fileRef = 9C16AF1E1D09518100873B86 /* Launch.storyboard */; };
		9C16AF221D09551E00873B86 /* RTPushRemoveViewController.m in Sources */ = {isa = PBXBuildFile; fileRef = 9C16AF211D09551E00873B86 /* RTPushRemoveViewController.m */; };
		9C16AF251D0957D400873B86 /* RTTableViewController.m in Sources */ = {isa = PBXBuildFile; fileRef = 9C16AF241D0957D400873B86 /* RTTableViewController.m */; };
		9C16AF281D095EC700873B86 /* RTStaticTableViewController.m in Sources */ = {isa = PBXBuildFile; fileRef = 9C16AF271D095EC700873B86 /* RTStaticTableViewController.m */; };
		9C16AF2C1D097CEB00873B86 /* RTCustomNavigationBar.m in Sources */ = {isa = PBXBuildFile; fileRef = 9C16AF2B1D097CEB00873B86 /* RTCustomNavigationBar.m */; };
		9C2994E91D09B83C007722C1 /* RTItemListViewController.m in Sources */ = {isa = PBXBuildFile; fileRef = 9C2994E81D09B83C007722C1 /* RTItemListViewController.m */; };
		9C2994EC1D09B84B007722C1 /* RTItemDetailViewController.m in Sources */ = {isa = PBXBuildFile; fileRef = 9C2994EB1D09B84B007722C1 /* RTItemDetailViewController.m */; };
		9C2994EF1D0A4D6F007722C1 /* RTWebViewController.m in Sources */ = {isa = PBXBuildFile; fileRef = 9C2994EE1D0A4D6F007722C1 /* RTWebViewController.m */; };
		9C323D281F0E571100A18836 /* CHANGELOG.md in Sources */ = {isa = PBXBuildFile; fileRef = 9C323D271F0E571100A18836 /* CHANGELOG.md */; };
		9C7832C11D09111F00693F14 /* RTHideNavigationBarViewController.m in Sources */ = {isa = PBXBuildFile; fileRef = 9C7832C01D09111F00693F14 /* RTHideNavigationBarViewController.m */; };
		9C7832C41D09152900693F14 /* RTCollectionViewController.m in Sources */ = {isa = PBXBuildFile; fileRef = 9C7832C31D09152900693F14 /* RTCollectionViewController.m */; };
		9C9863FD1F32BDE400CF307B /* RTStatusHiddenViewController.m in Sources */ = {isa = PBXBuildFile; fileRef = 9C9863FC1F32BDE400CF307B /* RTStatusHiddenViewController.m */; };
/* End PBXBuildFile section */

/* Begin PBXContainerItemProxy section */
		6003F5B3195388D20070C39A /* PBXContainerItemProxy */ = {
			isa = PBXContainerItemProxy;
			containerPortal = 6003F582195388D10070C39A /* Project object */;
			proxyType = 1;
			remoteGlobalIDString = 6003F589195388D20070C39A;
			remoteInfo = RTRootNavigationController;
		};
/* End PBXContainerItemProxy section */

/* Begin PBXFileReference section */
		041DF0A8B0027264C4093D15 /* Pods_RTRootNavigationController_Example_RTRootNavigationController_Tests.framework */ = {isa = PBXFileReference; explicitFileType = wrapper.framework; includeInIndex = 0; path = Pods_RTRootNavigationController_Example_RTRootNavigationController_Tests.framework; sourceTree = BUILT_PRODUCTS_DIR; };
		4B6ECD73E96DEED1827971A4 /* README.md */ = {isa = PBXFileReference; includeInIndex = 1; lastKnownFileType = net.daringfireball.markdown; name = README.md; path = ../README.md; sourceTree = "<group>"; };
		4C78C63219178A258FA60E34 /* Pods-RTRootNavigationController_Example.debug.xcconfig */ = {isa = PBXFileReference; includeInIndex = 1; lastKnownFileType = text.xcconfig; name = "Pods-RTRootNavigationController_Example.debug.xcconfig"; path = "Pods/Target Support Files/Pods-RTRootNavigationController_Example/Pods-RTRootNavigationController_Example.debug.xcconfig"; sourceTree = "<group>"; };
		6003F58A195388D20070C39A /* RTRootNavigationController_Example.app */ = {isa = PBXFileReference; explicitFileType = wrapper.application; includeInIndex = 0; path = RTRootNavigationController_Example.app; sourceTree = BUILT_PRODUCTS_DIR; };
		6003F58D195388D20070C39A /* Foundation.framework */ = {isa = PBXFileReference; lastKnownFileType = wrapper.framework; name = Foundation.framework; path = System/Library/Frameworks/Foundation.framework; sourceTree = SDKROOT; };
		6003F58F195388D20070C39A /* CoreGraphics.framework */ = {isa = PBXFileReference; lastKnownFileType = wrapper.framework; name = CoreGraphics.framework; path = System/Library/Frameworks/CoreGraphics.framework; sourceTree = SDKROOT; };
		6003F591195388D20070C39A /* UIKit.framework */ = {isa = PBXFileReference; lastKnownFileType = wrapper.framework; name = UIKit.framework; path = System/Library/Frameworks/UIKit.framework; sourceTree = SDKROOT; };
		6003F595195388D20070C39A /* RTRootNavigationController-Info.plist */ = {isa = PBXFileReference; lastKnownFileType = text.plist.xml; path = "RTRootNavigationController-Info.plist"; sourceTree = "<group>"; };
		6003F597195388D20070C39A /* en */ = {isa = PBXFileReference; lastKnownFileType = text.plist.strings; name = en; path = en.lproj/InfoPlist.strings; sourceTree = "<group>"; };
		6003F599195388D20070C39A /* main.m */ = {isa = PBXFileReference; lastKnownFileType = sourcecode.c.objc; path = main.m; sourceTree = "<group>"; };
		6003F59B195388D20070C39A /* RTRootNavigationController-Prefix.pch */ = {isa = PBXFileReference; lastKnownFileType = sourcecode.c.h; path = "RTRootNavigationController-Prefix.pch"; sourceTree = "<group>"; };
		6003F59C195388D20070C39A /* RTAppDelegate.h */ = {isa = PBXFileReference; lastKnownFileType = sourcecode.c.h; path = RTAppDelegate.h; sourceTree = "<group>"; };
		6003F59D195388D20070C39A /* RTAppDelegate.m */ = {isa = PBXFileReference; lastKnownFileType = sourcecode.c.objc; path = RTAppDelegate.m; sourceTree = "<group>"; };
		6003F5A5195388D20070C39A /* RTViewController.h */ = {isa = PBXFileReference; lastKnownFileType = sourcecode.c.h; path = RTViewController.h; sourceTree = "<group>"; };
		6003F5A6195388D20070C39A /* RTViewController.m */ = {isa = PBXFileReference; lastKnownFileType = sourcecode.c.objc; path = RTViewController.m; sourceTree = "<group>"; };
		6003F5A8195388D20070C39A /* Images.xcassets */ = {isa = PBXFileReference; lastKnownFileType = folder.assetcatalog; path = Images.xcassets; sourceTree = "<group>"; };
		6003F5AE195388D20070C39A /* RTRootNavigationController_Tests.xctest */ = {isa = PBXFileReference; explicitFileType = wrapper.cfbundle; includeInIndex = 0; path = RTRootNavigationController_Tests.xctest; sourceTree = BUILT_PRODUCTS_DIR; };
		6003F5AF195388D20070C39A /* XCTest.framework */ = {isa = PBXFileReference; lastKnownFileType = wrapper.framework; name = XCTest.framework; path = Library/Frameworks/XCTest.framework; sourceTree = DEVELOPER_DIR; };
		6003F5B7195388D20070C39A /* Tests-Info.plist */ = {isa = PBXFileReference; lastKnownFileType = text.plist.xml; path = "Tests-Info.plist"; sourceTree = "<group>"; };
		6003F5B9195388D20070C39A /* en */ = {isa = PBXFileReference; lastKnownFileType = text.plist.strings; name = en; path = en.lproj/InfoPlist.strings; sourceTree = "<group>"; };
		6003F5BB195388D20070C39A /* Tests.m */ = {isa = PBXFileReference; lastKnownFileType = sourcecode.c.objc; path = Tests.m; sourceTree = "<group>"; };
		606FC2411953D9B200FFA9A0 /* Tests-Prefix.pch */ = {isa = PBXFileReference; lastKnownFileType = sourcecode.c.h; path = "Tests-Prefix.pch"; sourceTree = "<group>"; };
		67C2BF2B52D3057E8417FB63 /* RTRootNavigationController.podspec */ = {isa = PBXFileReference; includeInIndex = 1; lastKnownFileType = text; name = RTRootNavigationController.podspec; path = ../RTRootNavigationController.podspec; sourceTree = "<group>"; };
		873B8AEA1B1F5CCA007FD442 /* Main.storyboard */ = {isa = PBXFileReference; fileEncoding = 4; lastKnownFileType = file.storyboard; path = Main.storyboard; sourceTree = "<group>"; };
		9C16AF1E1D09518100873B86 /* Launch.storyboard */ = {isa = PBXFileReference; fileEncoding = 4; lastKnownFileType = file.storyboard; path = Launch.storyboard; sourceTree = "<group>"; };
		9C16AF201D09551E00873B86 /* RTPushRemoveViewController.h */ = {isa = PBXFileReference; fileEncoding = 4; lastKnownFileType = sourcecode.c.h; path = RTPushRemoveViewController.h; sourceTree = "<group>"; };
		9C16AF211D09551E00873B86 /* RTPushRemoveViewController.m */ = {isa = PBXFileReference; fileEncoding = 4; lastKnownFileType = sourcecode.c.objc; path = RTPushRemoveViewController.m; sourceTree = "<group>"; };
		9C16AF231D0957D400873B86 /* RTTableViewController.h */ = {isa = PBXFileReference; fileEncoding = 4; lastKnownFileType = sourcecode.c.h; path = RTTableViewController.h; sourceTree = "<group>"; };
		9C16AF241D0957D400873B86 /* RTTableViewController.m */ = {isa = PBXFileReference; fileEncoding = 4; lastKnownFileType = sourcecode.c.objc; path = RTTableViewController.m; sourceTree = "<group>"; };
		9C16AF261D095EC700873B86 /* RTStaticTableViewController.h */ = {isa = PBXFileReference; fileEncoding = 4; lastKnownFileType = sourcecode.c.h; path = RTStaticTableViewController.h; sourceTree = "<group>"; };
		9C16AF271D095EC700873B86 /* RTStaticTableViewController.m */ = {isa = PBXFileReference; fileEncoding = 4; lastKnownFileType = sourcecode.c.objc; path = RTStaticTableViewController.m; sourceTree = "<group>"; };
		9C16AF2A1D097CEB00873B86 /* RTCustomNavigationBar.h */ = {isa = PBXFileReference; fileEncoding = 4; lastKnownFileType = sourcecode.c.h; path = RTCustomNavigationBar.h; sourceTree = "<group>"; };
		9C16AF2B1D097CEB00873B86 /* RTCustomNavigationBar.m */ = {isa = PBXFileReference; fileEncoding = 4; lastKnownFileType = sourcecode.c.objc; path = RTCustomNavigationBar.m; sourceTree = "<group>"; };
		9C2994E71D09B83C007722C1 /* RTItemListViewController.h */ = {isa = PBXFileReference; fileEncoding = 4; lastKnownFileType = sourcecode.c.h; path = RTItemListViewController.h; sourceTree = "<group>"; };
		9C2994E81D09B83C007722C1 /* RTItemListViewController.m */ = {isa = PBXFileReference; fileEncoding = 4; lastKnownFileType = sourcecode.c.objc; path = RTItemListViewController.m; sourceTree = "<group>"; };
		9C2994EA1D09B84B007722C1 /* RTItemDetailViewController.h */ = {isa = PBXFileReference; fileEncoding = 4; lastKnownFileType = sourcecode.c.h; path = RTItemDetailViewController.h; sourceTree = "<group>"; };
		9C2994EB1D09B84B007722C1 /* RTItemDetailViewController.m */ = {isa = PBXFileReference; fileEncoding = 4; lastKnownFileType = sourcecode.c.objc; path = RTItemDetailViewController.m; sourceTree = "<group>"; };
		9C2994ED1D0A4D6F007722C1 /* RTWebViewController.h */ = {isa = PBXFileReference; fileEncoding = 4; lastKnownFileType = sourcecode.c.h; path = RTWebViewController.h; sourceTree = "<group>"; };
		9C2994EE1D0A4D6F007722C1 /* RTWebViewController.m */ = {isa = PBXFileReference; fileEncoding = 4; lastKnownFileType = sourcecode.c.objc; path = RTWebViewController.m; sourceTree = "<group>"; };
		9C323D271F0E571100A18836 /* CHANGELOG.md */ = {isa = PBXFileReference; fileEncoding = 4; lastKnownFileType = net.daringfireball.markdown; name = CHANGELOG.md; path = ../CHANGELOG.md; sourceTree = "<group>"; };
		9C7832BF1D09111F00693F14 /* RTHideNavigationBarViewController.h */ = {isa = PBXFileReference; fileEncoding = 4; lastKnownFileType = sourcecode.c.h; path = RTHideNavigationBarViewController.h; sourceTree = "<group>"; };
		9C7832C01D09111F00693F14 /* RTHideNavigationBarViewController.m */ = {isa = PBXFileReference; fileEncoding = 4; lastKnownFileType = sourcecode.c.objc; path = RTHideNavigationBarViewController.m; sourceTree = "<group>"; };
		9C7832C21D09152900693F14 /* RTCollectionViewController.h */ = {isa = PBXFileReference; fileEncoding = 4; lastKnownFileType = sourcecode.c.h; path = RTCollectionViewController.h; sourceTree = "<group>"; };
		9C7832C31D09152900693F14 /* RTCollectionViewController.m */ = {isa = PBXFileReference; fileEncoding = 4; lastKnownFileType = sourcecode.c.objc; path = RTCollectionViewController.m; sourceTree = "<group>"; };
		9C9863FB1F32BDE400CF307B /* RTStatusHiddenViewController.h */ = {isa = PBXFileReference; fileEncoding = 4; lastKnownFileType = sourcecode.c.h; path = RTStatusHiddenViewController.h; sourceTree = "<group>"; };
		9C9863FC1F32BDE400CF307B /* RTStatusHiddenViewController.m */ = {isa = PBXFileReference; fileEncoding = 4; lastKnownFileType = sourcecode.c.objc; path = RTStatusHiddenViewController.m; sourceTree = "<group>"; };
		A5267346A018343C32093DA1 /* Pods-RTRootNavigationController_Example-RTRootNavigationController_Tests.release.xcconfig */ = {isa = PBXFileReference; includeInIndex = 1; lastKnownFileType = text.xcconfig; name = "Pods-RTRootNavigationController_Example-RTRootNavigationController_Tests.release.xcconfig"; path = "Pods/Target Support Files/Pods-RTRootNavigationController_Example-RTRootNavigationController_Tests/Pods-RTRootNavigationController_Example-RTRootNavigationController_Tests.release.xcconfig"; sourceTree = "<group>"; };
		AC461907B53EF1711816DC02 /* Pods_RTRootNavigationController_Example.framework */ = {isa = PBXFileReference; explicitFileType = wrapper.framework; includeInIndex = 0; path = Pods_RTRootNavigationController_Example.framework; sourceTree = BUILT_PRODUCTS_DIR; };
		B930DAFF5ACFE0FF66B80F25 /* LICENSE */ = {isa = PBXFileReference; includeInIndex = 1; lastKnownFileType = text; name = LICENSE; path = ../LICENSE; sourceTree = "<group>"; };
		C6B0AF5F8FE50A6D2E11BBBC /* Pods-RTRootNavigationController_Example.release.xcconfig */ = {isa = PBXFileReference; includeInIndex = 1; lastKnownFileType = text.xcconfig; name = "Pods-RTRootNavigationController_Example.release.xcconfig"; path = "Pods/Target Support Files/Pods-RTRootNavigationController_Example/Pods-RTRootNavigationController_Example.release.xcconfig"; sourceTree = "<group>"; };
		F53B590EB877567165CF7290 /* Pods-RTRootNavigationController_Example-RTRootNavigationController_Tests.debug.xcconfig */ = {isa = PBXFileReference; includeInIndex = 1; lastKnownFileType = text.xcconfig; name = "Pods-RTRootNavigationController_Example-RTRootNavigationController_Tests.debug.xcconfig"; path = "Pods/Target Support Files/Pods-RTRootNavigationController_Example-RTRootNavigationController_Tests/Pods-RTRootNavigationController_Example-RTRootNavigationController_Tests.debug.xcconfig"; sourceTree = "<group>"; };
/* End PBXFileReference section */

/* Begin PBXFrameworksBuildPhase section */
		6003F587195388D20070C39A /* Frameworks */ = {
			isa = PBXFrameworksBuildPhase;
			buildActionMask = 2147483647;
			files = (
				6003F590195388D20070C39A /* CoreGraphics.framework in Frameworks */,
				6003F592195388D20070C39A /* UIKit.framework in Frameworks */,
				6003F58E195388D20070C39A /* Foundation.framework in Frameworks */,
				93A95D8D8AF7C67635D9CF27 /* Pods_RTRootNavigationController_Example.framework in Frameworks */,
			);
			runOnlyForDeploymentPostprocessing = 0;
		};
		6003F5AB195388D20070C39A /* Frameworks */ = {
			isa = PBXFrameworksBuildPhase;
			buildActionMask = 2147483647;
			files = (
				6003F5B0195388D20070C39A /* XCTest.framework in Frameworks */,
				6003F5B2195388D20070C39A /* UIKit.framework in Frameworks */,
				6003F5B1195388D20070C39A /* Foundation.framework in Frameworks */,
				7754DE23C98A4856C653731B /* Pods_RTRootNavigationController_Example_RTRootNavigationController_Tests.framework in Frameworks */,
			);
			runOnlyForDeploymentPostprocessing = 0;
		};
/* End PBXFrameworksBuildPhase section */

/* Begin PBXGroup section */
		6003F581195388D10070C39A = {
			isa = PBXGroup;
			children = (
				60FF7A9C1954A5C5007DD14C /* Podspec Metadata */,
				6003F593195388D20070C39A /* Example for RTRootNavigationController */,
				6003F5B5195388D20070C39A /* Tests */,
				6003F58C195388D20070C39A /* Frameworks */,
				6003F58B195388D20070C39A /* Products */,
				F96BE6D2D993D004DBE65F76 /* Pods */,
			);
			sourceTree = "<group>";
		};
		6003F58B195388D20070C39A /* Products */ = {
			isa = PBXGroup;
			children = (
				6003F58A195388D20070C39A /* RTRootNavigationController_Example.app */,
				6003F5AE195388D20070C39A /* RTRootNavigationController_Tests.xctest */,
			);
			name = Products;
			sourceTree = "<group>";
		};
		6003F58C195388D20070C39A /* Frameworks */ = {
			isa = PBXGroup;
			children = (
				6003F58D195388D20070C39A /* Foundation.framework */,
				6003F58F195388D20070C39A /* CoreGraphics.framework */,
				6003F591195388D20070C39A /* UIKit.framework */,
				6003F5AF195388D20070C39A /* XCTest.framework */,
				AC461907B53EF1711816DC02 /* Pods_RTRootNavigationController_Example.framework */,
				041DF0A8B0027264C4093D15 /* Pods_RTRootNavigationController_Example_RTRootNavigationController_Tests.framework */,
			);
			name = Frameworks;
			sourceTree = "<group>";
		};
		6003F593195388D20070C39A /* Example for RTRootNavigationController */ = {
			isa = PBXGroup;
			children = (
				6003F5A8195388D20070C39A /* Images.xcassets */,
				9C16AF1E1D09518100873B86 /* Launch.storyboard */,
				873B8AEA1B1F5CCA007FD442 /* Main.storyboard */,
				6003F59C195388D20070C39A /* RTAppDelegate.h */,
				6003F59D195388D20070C39A /* RTAppDelegate.m */,
				6003F594195388D20070C39A /* Supporting Files */,
				9C16AF291D097CD100873B86 /* ViewControllers */,
				9C16AF2D1D097D4200873B86 /* Views */,
			);
			name = "Example for RTRootNavigationController";
			path = RTRootNavigationController;
			sourceTree = "<group>";
		};
		6003F594195388D20070C39A /* Supporting Files */ = {
			isa = PBXGroup;
			children = (
				6003F595195388D20070C39A /* RTRootNavigationController-Info.plist */,
				6003F596195388D20070C39A /* InfoPlist.strings */,
				6003F599195388D20070C39A /* main.m */,
				6003F59B195388D20070C39A /* RTRootNavigationController-Prefix.pch */,
			);
			name = "Supporting Files";
			sourceTree = "<group>";
		};
		6003F5B5195388D20070C39A /* Tests */ = {
			isa = PBXGroup;
			children = (
				6003F5BB195388D20070C39A /* Tests.m */,
				6003F5B6195388D20070C39A /* Supporting Files */,
			);
			path = Tests;
			sourceTree = "<group>";
		};
		6003F5B6195388D20070C39A /* Supporting Files */ = {
			isa = PBXGroup;
			children = (
				6003F5B7195388D20070C39A /* Tests-Info.plist */,
				6003F5B8195388D20070C39A /* InfoPlist.strings */,
				606FC2411953D9B200FFA9A0 /* Tests-Prefix.pch */,
			);
			name = "Supporting Files";
			sourceTree = "<group>";
		};
		60FF7A9C1954A5C5007DD14C /* Podspec Metadata */ = {
			isa = PBXGroup;
			children = (
				9C323D271F0E571100A18836 /* CHANGELOG.md */,
				B930DAFF5ACFE0FF66B80F25 /* LICENSE */,
				4B6ECD73E96DEED1827971A4 /* README.md */,
				67C2BF2B52D3057E8417FB63 /* RTRootNavigationController.podspec */,
			);
			name = "Podspec Metadata";
			sourceTree = "<group>";
		};
		9C16AF291D097CD100873B86 /* ViewControllers */ = {
			isa = PBXGroup;
			children = (
				9C7832C21D09152900693F14 /* RTCollectionViewController.h */,
				9C7832C31D09152900693F14 /* RTCollectionViewController.m */,
				9C7832BF1D09111F00693F14 /* RTHideNavigationBarViewController.h */,
				9C7832C01D09111F00693F14 /* RTHideNavigationBarViewController.m */,
				9C2994EA1D09B84B007722C1 /* RTItemDetailViewController.h */,
				9C2994EB1D09B84B007722C1 /* RTItemDetailViewController.m */,
				9C2994E71D09B83C007722C1 /* RTItemListViewController.h */,
				9C2994E81D09B83C007722C1 /* RTItemListViewController.m */,
				9C16AF201D09551E00873B86 /* RTPushRemoveViewController.h */,
				9C16AF211D09551E00873B86 /* RTPushRemoveViewController.m */,
				9C16AF261D095EC700873B86 /* RTStaticTableViewController.h */,
				9C16AF271D095EC700873B86 /* RTStaticTableViewController.m */,
				9C16AF231D0957D400873B86 /* RTTableViewController.h */,
				9C16AF241D0957D400873B86 /* RTTableViewController.m */,
				6003F5A5195388D20070C39A /* RTViewController.h */,
				6003F5A6195388D20070C39A /* RTViewController.m */,
				9C2994ED1D0A4D6F007722C1 /* RTWebViewController.h */,
				9C2994EE1D0A4D6F007722C1 /* RTWebViewController.m */,
				9C9863FB1F32BDE400CF307B /* RTStatusHiddenViewController.h */,
				9C9863FC1F32BDE400CF307B /* RTStatusHiddenViewController.m */,
			);
			name = ViewControllers;
			sourceTree = "<group>";
		};
		9C16AF2D1D097D4200873B86 /* Views */ = {
			isa = PBXGroup;
			children = (
				9C16AF2A1D097CEB00873B86 /* RTCustomNavigationBar.h */,
				9C16AF2B1D097CEB00873B86 /* RTCustomNavigationBar.m */,
			);
			name = Views;
			sourceTree = "<group>";
		};
		F96BE6D2D993D004DBE65F76 /* Pods */ = {
			isa = PBXGroup;
			children = (
				4C78C63219178A258FA60E34 /* Pods-RTRootNavigationController_Example.debug.xcconfig */,
				C6B0AF5F8FE50A6D2E11BBBC /* Pods-RTRootNavigationController_Example.release.xcconfig */,
				F53B590EB877567165CF7290 /* Pods-RTRootNavigationController_Example-RTRootNavigationController_Tests.debug.xcconfig */,
				A5267346A018343C32093DA1 /* Pods-RTRootNavigationController_Example-RTRootNavigationController_Tests.release.xcconfig */,
			);
			name = Pods;
			sourceTree = "<group>";
		};
/* End PBXGroup section */

/* Begin PBXNativeTarget section */
		6003F589195388D20070C39A /* RTRootNavigationController_Example */ = {
			isa = PBXNativeTarget;
			buildConfigurationList = 6003F5BF195388D20070C39A /* Build configuration list for PBXNativeTarget "RTRootNavigationController_Example" */;
			buildPhases = (
				FB44A093851DD2506C7E797E /* [CP] Check Pods Manifest.lock */,
				6003F586195388D20070C39A /* Sources */,
				6003F587195388D20070C39A /* Frameworks */,
				6003F588195388D20070C39A /* Resources */,
				37AD5DB123CD747EA6D19389 /* [CP] Embed Pods Frameworks */,
			);
			buildRules = (
			);
			dependencies = (
			);
			name = RTRootNavigationController_Example;
			productName = RTRootNavigationController;
			productReference = 6003F58A195388D20070C39A /* RTRootNavigationController_Example.app */;
			productType = "com.apple.product-type.application";
		};
		6003F5AD195388D20070C39A /* RTRootNavigationController_Tests */ = {
			isa = PBXNativeTarget;
			buildConfigurationList = 6003F5C2195388D20070C39A /* Build configuration list for PBXNativeTarget "RTRootNavigationController_Tests" */;
			buildPhases = (
				608429C614C9BBE3B2B83B1D /* [CP] Check Pods Manifest.lock */,
				6003F5AA195388D20070C39A /* Sources */,
				6003F5AB195388D20070C39A /* Frameworks */,
				6003F5AC195388D20070C39A /* Resources */,
				DBC280C1A032BF55A68C8A16 /* [CP] Embed Pods Frameworks */,
			);
			buildRules = (
			);
			dependencies = (
				6003F5B4195388D20070C39A /* PBXTargetDependency */,
			);
			name = RTRootNavigationController_Tests;
			productName = RTRootNavigationControllerTests;
			productReference = 6003F5AE195388D20070C39A /* RTRootNavigationController_Tests.xctest */;
			productType = "com.apple.product-type.bundle.unit-test";
		};
/* End PBXNativeTarget section */

/* Begin PBXProject section */
		6003F582195388D10070C39A /* Project object */ = {
			isa = PBXProject;
			attributes = {
				CLASSPREFIX = RT;
				LastUpgradeCheck = 1000;
				ORGANIZATIONNAME = rickytan;
				TargetAttributes = {
					6003F5AD195388D20070C39A = {
						TestTargetID = 6003F589195388D20070C39A;
					};
				};
			};
			buildConfigurationList = 6003F585195388D10070C39A /* Build configuration list for PBXProject "RTRootNavigationController" */;
			compatibilityVersion = "Xcode 3.2";
			developmentRegion = English;
			hasScannedForEncodings = 0;
			knownRegions = (
				en,
				Base,
			);
			mainGroup = 6003F581195388D10070C39A;
			productRefGroup = 6003F58B195388D20070C39A /* Products */;
			projectDirPath = "";
			projectRoot = "";
			targets = (
				6003F589195388D20070C39A /* RTRootNavigationController_Example */,
				6003F5AD195388D20070C39A /* RTRootNavigationController_Tests */,
			);
		};
/* End PBXProject section */

/* Begin PBXResourcesBuildPhase section */
		6003F588195388D20070C39A /* Resources */ = {
			isa = PBXResourcesBuildPhase;
			buildActionMask = 2147483647;
			files = (
				873B8AEB1B1F5CCA007FD442 /* Main.storyboard in Resources */,
				6003F5A9195388D20070C39A /* Images.xcassets in Resources */,
				6003F598195388D20070C39A /* InfoPlist.strings in Resources */,
				9C16AF1F1D09518100873B86 /* Launch.storyboard in Resources */,
			);
			runOnlyForDeploymentPostprocessing = 0;
		};
		6003F5AC195388D20070C39A /* Resources */ = {
			isa = PBXResourcesBuildPhase;
			buildActionMask = 2147483647;
			files = (
				6003F5BA195388D20070C39A /* InfoPlist.strings in Resources */,
			);
			runOnlyForDeploymentPostprocessing = 0;
		};
/* End PBXResourcesBuildPhase section */

/* Begin PBXShellScriptBuildPhase section */
		37AD5DB123CD747EA6D19389 /* [CP] Embed Pods Frameworks */ = {
			isa = PBXShellScriptBuildPhase;
			buildActionMask = 2147483647;
			files = (
			);
			inputPaths = (
				"${PODS_ROOT}/Target Support Files/Pods-RTRootNavigationController_Example/Pods-RTRootNavigationController_Example-frameworks.sh",
				"${BUILT_PRODUCTS_DIR}/RTInteractivePush/RTInteractivePush.framework",
				"${BUILT_PRODUCTS_DIR}/RTRootNavigationController/RTRootNavigationController.framework",
			);
			name = "[CP] Embed Pods Frameworks";
			outputPaths = (
				"${TARGET_BUILD_DIR}/${FRAMEWORKS_FOLDER_PATH}/RTInteractivePush.framework",
				"${TARGET_BUILD_DIR}/${FRAMEWORKS_FOLDER_PATH}/RTRootNavigationController.framework",
			);
			runOnlyForDeploymentPostprocessing = 0;
			shellPath = /bin/sh;
			shellScript = "\"${PODS_ROOT}/Target Support Files/Pods-RTRootNavigationController_Example/Pods-RTRootNavigationController_Example-frameworks.sh\"\n";
			showEnvVarsInLog = 0;
		};
		608429C614C9BBE3B2B83B1D /* [CP] Check Pods Manifest.lock */ = {
			isa = PBXShellScriptBuildPhase;
			buildActionMask = 2147483647;
			files = (
			);
			inputPaths = (
				"${PODS_PODFILE_DIR_PATH}/Podfile.lock",
				"${PODS_ROOT}/Manifest.lock",
			);
			name = "[CP] Check Pods Manifest.lock";
			outputPaths = (
				"$(DERIVED_FILE_DIR)/Pods-RTRootNavigationController_Example-RTRootNavigationController_Tests-checkManifestLockResult.txt",
			);
			runOnlyForDeploymentPostprocessing = 0;
			shellPath = /bin/sh;
			shellScript = "diff \"${PODS_PODFILE_DIR_PATH}/Podfile.lock\" \"${PODS_ROOT}/Manifest.lock\" > /dev/null\nif [ $? != 0 ] ; then\n    # print error to STDERR\n    echo \"error: The sandbox is not in sync with the Podfile.lock. Run 'pod install' or update your CocoaPods installation.\" >&2\n    exit 1\nfi\n# This output is used by Xcode 'outputs' to avoid re-running this script phase.\necho \"SUCCESS\" > \"${SCRIPT_OUTPUT_FILE_0}\"\n";
			showEnvVarsInLog = 0;
		};
		DBC280C1A032BF55A68C8A16 /* [CP] Embed Pods Frameworks */ = {
			isa = PBXShellScriptBuildPhase;
			buildActionMask = 2147483647;
			files = (
			);
			inputPaths = (
				"${PODS_ROOT}/Target Support Files/Pods-RTRootNavigationController_Example-RTRootNavigationController_Tests/Pods-RTRootNavigationController_Example-RTRootNavigationController_Tests-frameworks.sh",
				"${BUILT_PRODUCTS_DIR}/RTInteractivePush/RTInteractivePush.framework",
				"${BUILT_PRODUCTS_DIR}/RTRootNavigationController/RTRootNavigationController.framework",
			);
			name = "[CP] Embed Pods Frameworks";
			outputPaths = (
				"${TARGET_BUILD_DIR}/${FRAMEWORKS_FOLDER_PATH}/RTInteractivePush.framework",
				"${TARGET_BUILD_DIR}/${FRAMEWORKS_FOLDER_PATH}/RTRootNavigationController.framework",
			);
			runOnlyForDeploymentPostprocessing = 0;
			shellPath = /bin/sh;
			shellScript = "\"${PODS_ROOT}/Target Support Files/Pods-RTRootNavigationController_Example-RTRootNavigationController_Tests/Pods-RTRootNavigationController_Example-RTRootNavigationController_Tests-frameworks.sh\"\n";
			showEnvVarsInLog = 0;
		};
		FB44A093851DD2506C7E797E /* [CP] Check Pods Manifest.lock */ = {
			isa = PBXShellScriptBuildPhase;
			buildActionMask = 2147483647;
			files = (
			);
			inputPaths = (
				"${PODS_PODFILE_DIR_PATH}/Podfile.lock",
				"${PODS_ROOT}/Manifest.lock",
			);
			name = "[CP] Check Pods Manifest.lock";
			outputPaths = (
				"$(DERIVED_FILE_DIR)/Pods-RTRootNavigationController_Example-checkManifestLockResult.txt",
			);
			runOnlyForDeploymentPostprocessing = 0;
			shellPath = /bin/sh;
			shellScript = "diff \"${PODS_PODFILE_DIR_PATH}/Podfile.lock\" \"${PODS_ROOT}/Manifest.lock\" > /dev/null\nif [ $? != 0 ] ; then\n    # print error to STDERR\n    echo \"error: The sandbox is not in sync with the Podfile.lock. Run 'pod install' or update your CocoaPods installation.\" >&2\n    exit 1\nfi\n# This output is used by Xcode 'outputs' to avoid re-running this script phase.\necho \"SUCCESS\" > \"${SCRIPT_OUTPUT_FILE_0}\"\n";
			showEnvVarsInLog = 0;
		};
/* End PBXShellScriptBuildPhase section */

/* Begin PBXSourcesBuildPhase section */
		6003F586195388D20070C39A /* Sources */ = {
			isa = PBXSourcesBuildPhase;
			buildActionMask = 2147483647;
			files = (
				9C16AF2C1D097CEB00873B86 /* RTCustomNavigationBar.m in Sources */,
				9C7832C41D09152900693F14 /* RTCollectionViewController.m in Sources */,
				9C2994EC1D09B84B007722C1 /* RTItemDetailViewController.m in Sources */,
				6003F59E195388D20070C39A /* RTAppDelegate.m in Sources */,
				6003F5A7195388D20070C39A /* RTViewController.m in Sources */,
				9C16AF251D0957D400873B86 /* RTTableViewController.m in Sources */,
				9C9863FD1F32BDE400CF307B /* RTStatusHiddenViewController.m in Sources */,
				9C7832C11D09111F00693F14 /* RTHideNavigationBarViewController.m in Sources */,
				9C16AF281D095EC700873B86 /* RTStaticTableViewController.m in Sources */,
				9C16AF221D09551E00873B86 /* RTPushRemoveViewController.m in Sources */,
				9C323D281F0E571100A18836 /* CHANGELOG.md in Sources */,
				6003F59A195388D20070C39A /* main.m in Sources */,
				9C2994E91D09B83C007722C1 /* RTItemListViewController.m in Sources */,
				9C2994EF1D0A4D6F007722C1 /* RTWebViewController.m in Sources */,
			);
			runOnlyForDeploymentPostprocessing = 0;
		};
		6003F5AA195388D20070C39A /* Sources */ = {
			isa = PBXSourcesBuildPhase;
			buildActionMask = 2147483647;
			files = (
				6003F5BC195388D20070C39A /* Tests.m in Sources */,
			);
			runOnlyForDeploymentPostprocessing = 0;
		};
/* End PBXSourcesBuildPhase section */

/* Begin PBXTargetDependency section */
		6003F5B4195388D20070C39A /* PBXTargetDependency */ = {
			isa = PBXTargetDependency;
			target = 6003F589195388D20070C39A /* RTRootNavigationController_Example */;
			targetProxy = 6003F5B3195388D20070C39A /* PBXContainerItemProxy */;
		};
/* End PBXTargetDependency section */

/* Begin PBXVariantGroup section */
		6003F596195388D20070C39A /* InfoPlist.strings */ = {
			isa = PBXVariantGroup;
			children = (
				6003F597195388D20070C39A /* en */,
			);
			name = InfoPlist.strings;
			sourceTree = "<group>";
		};
		6003F5B8195388D20070C39A /* InfoPlist.strings */ = {
			isa = PBXVariantGroup;
			children = (
				6003F5B9195388D20070C39A /* en */,
			);
			name = InfoPlist.strings;
			sourceTree = "<group>";
		};
/* End PBXVariantGroup section */

/* Begin XCBuildConfiguration section */
		6003F5BD195388D20070C39A /* Debug */ = {
			isa = XCBuildConfiguration;
			buildSettings = {
				ALWAYS_SEARCH_USER_PATHS = NO;
				CLANG_CXX_LANGUAGE_STANDARD = "gnu++0x";
				CLANG_CXX_LIBRARY = "libc++";
				CLANG_ENABLE_MODULES = YES;
				CLANG_ENABLE_OBJC_ARC = YES;
				CLANG_WARN_BLOCK_CAPTURE_AUTORELEASING = YES;
				CLANG_WARN_BOOL_CONVERSION = YES;
				CLANG_WARN_COMMA = YES;
				CLANG_WARN_CONSTANT_CONVERSION = YES;
				CLANG_WARN_DEPRECATED_OBJC_IMPLEMENTATIONS = YES;
				CLANG_WARN_DIRECT_OBJC_ISA_USAGE = YES_ERROR;
				CLANG_WARN_EMPTY_BODY = YES;
				CLANG_WARN_ENUM_CONVERSION = YES;
				CLANG_WARN_INFINITE_RECURSION = YES;
				CLANG_WARN_INT_CONVERSION = YES;
				CLANG_WARN_NON_LITERAL_NULL_CONVERSION = YES;
				CLANG_WARN_OBJC_IMPLICIT_RETAIN_SELF = YES;
				CLANG_WARN_OBJC_LITERAL_CONVERSION = YES;
				CLANG_WARN_OBJC_ROOT_CLASS = YES_ERROR;
				CLANG_WARN_RANGE_LOOP_ANALYSIS = YES;
				CLANG_WARN_STRICT_PROTOTYPES = YES;
				CLANG_WARN_SUSPICIOUS_MOVE = YES;
				CLANG_WARN_UNREACHABLE_CODE = YES;
				CLANG_WARN__DUPLICATE_METHOD_MATCH = YES;
				"CODE_SIGN_IDENTITY[sdk=iphoneos*]" = "iPhone Developer";
				COPY_PHASE_STRIP = NO;
				ENABLE_STRICT_OBJC_MSGSEND = YES;
				ENABLE_TESTABILITY = YES;
				GCC_C_LANGUAGE_STANDARD = gnu99;
				GCC_DYNAMIC_NO_PIC = NO;
				GCC_NO_COMMON_BLOCKS = YES;
				GCC_OPTIMIZATION_LEVEL = 0;
				GCC_PREPROCESSOR_DEFINITIONS = (
					"DEBUG=1",
					"$(inherited)",
				);
				GCC_SYMBOLS_PRIVATE_EXTERN = NO;
				GCC_WARN_64_TO_32_BIT_CONVERSION = YES;
				GCC_WARN_ABOUT_RETURN_TYPE = YES_ERROR;
				GCC_WARN_UNDECLARED_SELECTOR = YES;
				GCC_WARN_UNINITIALIZED_AUTOS = YES_AGGRESSIVE;
				GCC_WARN_UNUSED_FUNCTION = YES;
				GCC_WARN_UNUSED_VARIABLE = YES;
				IPHONEOS_DEPLOYMENT_TARGET = 8.3;
				ONLY_ACTIVE_ARCH = YES;
				SDKROOT = iphoneos;
				TARGETED_DEVICE_FAMILY = "1,2";
			};
			name = Debug;
		};
		6003F5BE195388D20070C39A /* Release */ = {
			isa = XCBuildConfiguration;
			buildSettings = {
				ALWAYS_SEARCH_USER_PATHS = NO;
				CLANG_CXX_LANGUAGE_STANDARD = "gnu++0x";
				CLANG_CXX_LIBRARY = "libc++";
				CLANG_ENABLE_MODULES = YES;
				CLANG_ENABLE_OBJC_ARC = YES;
				CLANG_WARN_BLOCK_CAPTURE_AUTORELEASING = YES;
				CLANG_WARN_BOOL_CONVERSION = YES;
				CLANG_WARN_COMMA = YES;
				CLANG_WARN_CONSTANT_CONVERSION = YES;
				CLANG_WARN_DEPRECATED_OBJC_IMPLEMENTATIONS = YES;
				CLANG_WARN_DIRECT_OBJC_ISA_USAGE = YES_ERROR;
				CLANG_WARN_EMPTY_BODY = YES;
				CLANG_WARN_ENUM_CONVERSION = YES;
				CLANG_WARN_INFINITE_RECURSION = YES;
				CLANG_WARN_INT_CONVERSION = YES;
				CLANG_WARN_NON_LITERAL_NULL_CONVERSION = YES;
				CLANG_WARN_OBJC_IMPLICIT_RETAIN_SELF = YES;
				CLANG_WARN_OBJC_LITERAL_CONVERSION = YES;
				CLANG_WARN_OBJC_ROOT_CLASS = YES_ERROR;
				CLANG_WARN_RANGE_LOOP_ANALYSIS = YES;
				CLANG_WARN_STRICT_PROTOTYPES = YES;
				CLANG_WARN_SUSPICIOUS_MOVE = YES;
				CLANG_WARN_UNREACHABLE_CODE = YES;
				CLANG_WARN__DUPLICATE_METHOD_MATCH = YES;
				"CODE_SIGN_IDENTITY[sdk=iphoneos*]" = "iPhone Developer";
				COPY_PHASE_STRIP = YES;
				ENABLE_NS_ASSERTIONS = NO;
				ENABLE_STRICT_OBJC_MSGSEND = YES;
				GCC_C_LANGUAGE_STANDARD = gnu99;
				GCC_NO_COMMON_BLOCKS = YES;
				GCC_WARN_64_TO_32_BIT_CONVERSION = YES;
				GCC_WARN_ABOUT_RETURN_TYPE = YES_ERROR;
				GCC_WARN_UNDECLARED_SELECTOR = YES;
				GCC_WARN_UNINITIALIZED_AUTOS = YES_AGGRESSIVE;
				GCC_WARN_UNUSED_FUNCTION = YES;
				GCC_WARN_UNUSED_VARIABLE = YES;
				IPHONEOS_DEPLOYMENT_TARGET = 8.3;
				SDKROOT = iphoneos;
				TARGETED_DEVICE_FAMILY = "1,2";
				VALIDATE_PRODUCT = YES;
			};
			name = Release;
		};
		6003F5C0195388D20070C39A /* Debug */ = {
			isa = XCBuildConfiguration;
			baseConfigurationReference = 4C78C63219178A258FA60E34 /* Pods-RTRootNavigationController_Example.debug.xcconfig */;
			buildSettings = {
				ASSETCATALOG_COMPILER_APPICON_NAME = AppIcon;
				ASSETCATALOG_COMPILER_LAUNCHIMAGE_NAME = LaunchImage;
				GCC_PRECOMPILE_PREFIX_HEADER = YES;
				GCC_PREFIX_HEADER = "RTRootNavigationController/RTRootNavigationController-Prefix.pch";
				INFOPLIST_FILE = "RTRootNavigationController/RTRootNavigationController-Info.plist";
				IPHONEOS_DEPLOYMENT_TARGET = 8.0;
				MODULE_NAME = ExampleApp;
				PRODUCT_BUNDLE_IDENTIFIER = "org.cocoapods.demo.${PRODUCT_NAME:rfc1034identifier}";
				PRODUCT_NAME = "$(TARGET_NAME)";
				WRAPPER_EXTENSION = app;
			};
			name = Debug;
		};
		6003F5C1195388D20070C39A /* Release */ = {
			isa = XCBuildConfiguration;
			baseConfigurationReference = C6B0AF5F8FE50A6D2E11BBBC /* Pods-RTRootNavigationController_Example.release.xcconfig */;
			buildSettings = {
				ASSETCATALOG_COMPILER_APPICON_NAME = AppIcon;
				ASSETCATALOG_COMPILER_LAUNCHIMAGE_NAME = LaunchImage;
				GCC_PRECOMPILE_PREFIX_HEADER = YES;
				GCC_PREFIX_HEADER = "RTRootNavigationController/RTRootNavigationController-Prefix.pch";
				INFOPLIST_FILE = "RTRootNavigationController/RTRootNavigationController-Info.plist";
				IPHONEOS_DEPLOYMENT_TARGET = 8.0;
				MODULE_NAME = ExampleApp;
				PRODUCT_BUNDLE_IDENTIFIER = "org.cocoapods.demo.${PRODUCT_NAME:rfc1034identifier}";
				PRODUCT_NAME = "$(TARGET_NAME)";
				WRAPPER_EXTENSION = app;
			};
			name = Release;
		};
		6003F5C3195388D20070C39A /* Debug */ = {
			isa = XCBuildConfiguration;
			baseConfigurationReference = F53B590EB877567165CF7290 /* Pods-RTRootNavigationController_Example-RTRootNavigationController_Tests.debug.xcconfig */;
			buildSettings = {
				BUNDLE_LOADER = "$(TEST_HOST)";
				FRAMEWORK_SEARCH_PATHS = (
					"$(SDKROOT)/Developer/Library/Frameworks",
					"$(inherited)",
					"$(DEVELOPER_FRAMEWORKS_DIR)",
				);
				GCC_PRECOMPILE_PREFIX_HEADER = YES;
				GCC_PREFIX_HEADER = "Tests/Tests-Prefix.pch";
				GCC_PREPROCESSOR_DEFINITIONS = (
					"DEBUG=1",
					"$(inherited)",
				);
				INFOPLIST_FILE = "Tests/Tests-Info.plist";
				PRODUCT_BUNDLE_IDENTIFIER = "org.cocoapods.demo.${PRODUCT_NAME:rfc1034identifier}";
				PRODUCT_NAME = "$(TARGET_NAME)";
				TEST_HOST = "$(BUILT_PRODUCTS_DIR)/RTRootNavigationController_Example.app/RTRootNavigationController_Example";
				WRAPPER_EXTENSION = xctest;
			};
			name = Debug;
		};
		6003F5C4195388D20070C39A /* Release */ = {
			isa = XCBuildConfiguration;
			baseConfigurationReference = A5267346A018343C32093DA1 /* Pods-RTRootNavigationController_Example-RTRootNavigationController_Tests.release.xcconfig */;
			buildSettings = {
				BUNDLE_LOADER = "$(TEST_HOST)";
				FRAMEWORK_SEARCH_PATHS = (
					"$(SDKROOT)/Developer/Library/Frameworks",
					"$(inherited)",
					"$(DEVELOPER_FRAMEWORKS_DIR)",
				);
				GCC_PRECOMPILE_PREFIX_HEADER = YES;
				GCC_PREFIX_HEADER = "Tests/Tests-Prefix.pch";
				INFOPLIST_FILE = "Tests/Tests-Info.plist";
				PRODUCT_BUNDLE_IDENTIFIER = "org.cocoapods.demo.${PRODUCT_NAME:rfc1034identifier}";
				PRODUCT_NAME = "$(TARGET_NAME)";
				TEST_HOST = "$(BUILT_PRODUCTS_DIR)/RTRootNavigationController_Example.app/RTRootNavigationController_Example";
				WRAPPER_EXTENSION = xctest;
			};
			name = Release;
		};
/* End XCBuildConfiguration section */

/* Begin XCConfigurationList section */
		6003F585195388D10070C39A /* Build configuration list for PBXProject "RTRootNavigationController" */ = {
			isa = XCConfigurationList;
			buildConfigurations = (
				6003F5BD195388D20070C39A /* Debug */,
				6003F5BE195388D20070C39A /* Release */,
			);
			defaultConfigurationIsVisible = 0;
			defaultConfigurationName = Release;
		};
		6003F5BF195388D20070C39A /* Build configuration list for PBXNativeTarget "RTRootNavigationController_Example" */ = {
			isa = XCConfigurationList;
			buildConfigurations = (
				6003F5C0195388D20070C39A /* Debug */,
				6003F5C1195388D20070C39A /* Release */,
			);
			defaultConfigurationIsVisible = 0;
			defaultConfigurationName = Release;
		};
		6003F5C2195388D20070C39A /* Build configuration list for PBXNativeTarget "RTRootNavigationController_Tests" */ = {
			isa = XCConfigurationList;
			buildConfigurations = (
				6003F5C3195388D20070C39A /* Debug */,
				6003F5C4195388D20070C39A /* Release */,
			);
			defaultConfigurationIsVisible = 0;
			defaultConfigurationName = Release;
		};
/* End XCConfigurationList section */
	};
	rootObject = 6003F582195388D10070C39A /* Project object */;
}
